// !$*UTF8*$!
{
	archiveVersion = 1;
	classes = {
	};
	objectVersion = 50;
	objects = {

/* Begin PBXBuildFile section */
		4AA0B1E7255A54FF008C2AC2 /* RavnChallengeApp.swift in Sources */ = {isa = PBXBuildFile; fileRef = 4AA0B1E6255A54FF008C2AC2 /* RavnChallengeApp.swift */; };
		4AA0B1E9255A54FF008C2AC2 /* ContentView.swift in Sources */ = {isa = PBXBuildFile; fileRef = 4AA0B1E8255A54FF008C2AC2 /* ContentView.swift */; };
		4AA0B1EB255A5500008C2AC2 /* Assets.xcassets in Resources */ = {isa = PBXBuildFile; fileRef = 4AA0B1EA255A5500008C2AC2 /* Assets.xcassets */; };
		4AA0B1EE255A5500008C2AC2 /* Preview Assets.xcassets in Resources */ = {isa = PBXBuildFile; fileRef = 4AA0B1ED255A5500008C2AC2 /* Preview Assets.xcassets */; };
		4AA0B1F9255A5501008C2AC2 /* RavnChallengeTests.swift in Sources */ = {isa = PBXBuildFile; fileRef = 4AA0B1F8255A5501008C2AC2 /* RavnChallengeTests.swift */; };
		4AA0B204255A5501008C2AC2 /* RavnChallengeUITests.swift in Sources */ = {isa = PBXBuildFile; fileRef = 4AA0B203255A5501008C2AC2 /* RavnChallengeUITests.swift */; };
/* End PBXBuildFile section */

/* Begin PBXContainerItemProxy section */
		4AA0B1F5255A5501008C2AC2 /* PBXContainerItemProxy */ = {
			isa = PBXContainerItemProxy;
			containerPortal = 4AA0B1DB255A54FF008C2AC2 /* Project object */;
			proxyType = 1;
			remoteGlobalIDString = 4AA0B1E2255A54FF008C2AC2;
			remoteInfo = RavnChallenge;
		};
		4AA0B200255A5501008C2AC2 /* PBXContainerItemProxy */ = {
			isa = PBXContainerItemProxy;
			containerPortal = 4AA0B1DB255A54FF008C2AC2 /* Project object */;
			proxyType = 1;
			remoteGlobalIDString = 4AA0B1E2255A54FF008C2AC2;
			remoteInfo = RavnChallenge;
		};
/* End PBXContainerItemProxy section */

/* Begin PBXFileReference section */
		4AA0B1E3255A54FF008C2AC2 /* RavnChallenge.app */ = {isa = PBXFileReference; explicitFileType = wrapper.application; includeInIndex = 0; path = RavnChallenge.app; sourceTree = BUILT_PRODUCTS_DIR; };
		4AA0B1E6255A54FF008C2AC2 /* RavnChallengeApp.swift */ = {isa = PBXFileReference; lastKnownFileType = sourcecode.swift; path = RavnChallengeApp.swift; sourceTree = "<group>"; };
		4AA0B1E8255A54FF008C2AC2 /* ContentView.swift */ = {isa = PBXFileReference; lastKnownFileType = sourcecode.swift; path = ContentView.swift; sourceTree = "<group>"; };
		4AA0B1EA255A5500008C2AC2 /* Assets.xcassets */ = {isa = PBXFileReference; lastKnownFileType = folder.assetcatalog; path = Assets.xcassets; sourceTree = "<group>"; };
		4AA0B1ED255A5500008C2AC2 /* Preview Assets.xcassets */ = {isa = PBXFileReference; lastKnownFileType = folder.assetcatalog; path = "Preview Assets.xcassets"; sourceTree = "<group>"; };
		4AA0B1EF255A5501008C2AC2 /* Info.plist */ = {isa = PBXFileReference; lastKnownFileType = text.plist.xml; path = Info.plist; sourceTree = "<group>"; };
		4AA0B1F4255A5501008C2AC2 /* RavnChallengeTests.xctest */ = {isa = PBXFileReference; explicitFileType = wrapper.cfbundle; includeInIndex = 0; path = RavnChallengeTests.xctest; sourceTree = BUILT_PRODUCTS_DIR; };
		4AA0B1F8255A5501008C2AC2 /* RavnChallengeTests.swift */ = {isa = PBXFileReference; lastKnownFileType = sourcecode.swift; path = RavnChallengeTests.swift; sourceTree = "<group>"; };
		4AA0B1FA255A5501008C2AC2 /* Info.plist */ = {isa = PBXFileReference; lastKnownFileType = text.plist.xml; path = Info.plist; sourceTree = "<group>"; };
		4AA0B1FF255A5501008C2AC2 /* RavnChallengeUITests.xctest */ = {isa = PBXFileReference; explicitFileType = wrapper.cfbundle; includeInIndex = 0; path = RavnChallengeUITests.xctest; sourceTree = BUILT_PRODUCTS_DIR; };
		4AA0B203255A5501008C2AC2 /* RavnChallengeUITests.swift */ = {isa = PBXFileReference; lastKnownFileType = sourcecode.swift; path = RavnChallengeUITests.swift; sourceTree = "<group>"; };
		4AA0B205255A5501008C2AC2 /* Info.plist */ = {isa = PBXFileReference; lastKnownFileType = text.plist.xml; path = Info.plist; sourceTree = "<group>"; };
/* End PBXFileReference section */

/* Begin PBXFrameworksBuildPhase section */
		4AA0B1E0255A54FF008C2AC2 /* Frameworks */ = {
			isa = PBXFrameworksBuildPhase;
			buildActionMask = 2147483647;
			files = (
			);
			runOnlyForDeploymentPostprocessing = 0;
		};
		4AA0B1F1255A5501008C2AC2 /* Frameworks */ = {
			isa = PBXFrameworksBuildPhase;
			buildActionMask = 2147483647;
			files = (
			);
			runOnlyForDeploymentPostprocessing = 0;
		};
		4AA0B1FC255A5501008C2AC2 /* Frameworks */ = {
			isa = PBXFrameworksBuildPhase;
			buildActionMask = 2147483647;
			files = (
			);
			runOnlyForDeploymentPostprocessing = 0;
		};
/* End PBXFrameworksBuildPhase section */

/* Begin PBXGroup section */
		4AA0B1DA255A54FF008C2AC2 = {
			isa = PBXGroup;
			children = (
				4AA0B1E5255A54FF008C2AC2 /* RavnChallenge */,
				4AA0B1F7255A5501008C2AC2 /* RavnChallengeTests */,
				4AA0B202255A5501008C2AC2 /* RavnChallengeUITests */,
				4AA0B1E4255A54FF008C2AC2 /* Products */,
			);
			sourceTree = "<group>";
		};
		4AA0B1E4255A54FF008C2AC2 /* Products */ = {
			isa = PBXGroup;
			children = (
				4AA0B1E3255A54FF008C2AC2 /* RavnChallenge.app */,
				4AA0B1F4255A5501008C2AC2 /* RavnChallengeTests.xctest */,
				4AA0B1FF255A5501008C2AC2 /* RavnChallengeUITests.xctest */,
			);
			name = Products;
			sourceTree = "<group>";
		};
		4AA0B1E5255A54FF008C2AC2 /* RavnChallenge */ = {
			isa = PBXGroup;
			children = (
				4AA0B1E6255A54FF008C2AC2 /* RavnChallengeApp.swift */,
				4AA0B1E8255A54FF008C2AC2 /* ContentView.swift */,
				4AA0B1EA255A5500008C2AC2 /* Assets.xcassets */,
				4AA0B1EF255A5501008C2AC2 /* Info.plist */,
				4AA0B1EC255A5500008C2AC2 /* Preview Content */,
			);
			path = RavnChallenge;
			sourceTree = "<group>";
		};
		4AA0B1EC255A5500008C2AC2 /* Preview Content */ = {
			isa = PBXGroup;
			children = (
				4AA0B1ED255A5500008C2AC2 /* Preview Assets.xcassets */,
			);
			path = "Preview Content";
			sourceTree = "<group>";
		};
		4AA0B1F7255A5501008C2AC2 /* RavnChallengeTests */ = {
			isa = PBXGroup;
			children = (
				4AA0B1F8255A5501008C2AC2 /* RavnChallengeTests.swift */,
				4AA0B1FA255A5501008C2AC2 /* Info.plist */,
			);
			path = RavnChallengeTests;
			sourceTree = "<group>";
		};
		4AA0B202255A5501008C2AC2 /* RavnChallengeUITests */ = {
			isa = PBXGroup;
			children = (
				4AA0B203255A5501008C2AC2 /* RavnChallengeUITests.swift */,
				4AA0B205255A5501008C2AC2 /* Info.plist */,
			);
			path = RavnChallengeUITests;
			sourceTree = "<group>";
		};
/* End PBXGroup section */

/* Begin PBXNativeTarget section */
		4AA0B1E2255A54FF008C2AC2 /* RavnChallenge */ = {
			isa = PBXNativeTarget;
			buildConfigurationList = 4AA0B208255A5501008C2AC2 /* Build configuration list for PBXNativeTarget "RavnChallenge" */;
			buildPhases = (
				4AA0B1DF255A54FF008C2AC2 /* Sources */,
				4AA0B1E0255A54FF008C2AC2 /* Frameworks */,
				4AA0B1E1255A54FF008C2AC2 /* Resources */,
			);
			buildRules = (
			);
			dependencies = (
			);
			name = RavnChallenge;
			productName = RavnChallenge;
			productReference = 4AA0B1E3255A54FF008C2AC2 /* RavnChallenge.app */;
			productType = "com.apple.product-type.application";
		};
		4AA0B1F3255A5501008C2AC2 /* RavnChallengeTests */ = {
			isa = PBXNativeTarget;
			buildConfigurationList = 4AA0B20B255A5501008C2AC2 /* Build configuration list for PBXNativeTarget "RavnChallengeTests" */;
			buildPhases = (
				4AA0B1F0255A5501008C2AC2 /* Sources */,
				4AA0B1F1255A5501008C2AC2 /* Frameworks */,
				4AA0B1F2255A5501008C2AC2 /* Resources */,
			);
			buildRules = (
			);
			dependencies = (
				4AA0B1F6255A5501008C2AC2 /* PBXTargetDependency */,
			);
			name = RavnChallengeTests;
			productName = RavnChallengeTests;
			productReference = 4AA0B1F4255A5501008C2AC2 /* RavnChallengeTests.xctest */;
			productType = "com.apple.product-type.bundle.unit-test";
		};
		4AA0B1FE255A5501008C2AC2 /* RavnChallengeUITests */ = {
			isa = PBXNativeTarget;
			buildConfigurationList = 4AA0B20E255A5501008C2AC2 /* Build configuration list for PBXNativeTarget "RavnChallengeUITests" */;
			buildPhases = (
				4AA0B1FB255A5501008C2AC2 /* Sources */,
				4AA0B1FC255A5501008C2AC2 /* Frameworks */,
				4AA0B1FD255A5501008C2AC2 /* Resources */,
			);
			buildRules = (
			);
			dependencies = (
				4AA0B201255A5501008C2AC2 /* PBXTargetDependency */,
			);
			name = RavnChallengeUITests;
			productName = RavnChallengeUITests;
			productReference = 4AA0B1FF255A5501008C2AC2 /* RavnChallengeUITests.xctest */;
			productType = "com.apple.product-type.bundle.ui-testing";
		};
/* End PBXNativeTarget section */

/* Begin PBXProject section */
		4AA0B1DB255A54FF008C2AC2 /* Project object */ = {
			isa = PBXProject;
			attributes = {
				LastSwiftUpdateCheck = 1210;
				LastUpgradeCheck = 1210;
				TargetAttributes = {
					4AA0B1E2255A54FF008C2AC2 = {
						CreatedOnToolsVersion = 12.1;
					};
					4AA0B1F3255A5501008C2AC2 = {
						CreatedOnToolsVersion = 12.1;
						TestTargetID = 4AA0B1E2255A54FF008C2AC2;
					};
					4AA0B1FE255A5501008C2AC2 = {
						CreatedOnToolsVersion = 12.1;
						TestTargetID = 4AA0B1E2255A54FF008C2AC2;
					};
				};
			};
			buildConfigurationList = 4AA0B1DE255A54FF008C2AC2 /* Build configuration list for PBXProject "RavnChallenge" */;
			compatibilityVersion = "Xcode 9.3";
			developmentRegion = en;
			hasScannedForEncodings = 0;
			knownRegions = (
				en,
				Base,
			);
			mainGroup = 4AA0B1DA255A54FF008C2AC2;
			productRefGroup = 4AA0B1E4255A54FF008C2AC2 /* Products */;
			projectDirPath = "";
			projectRoot = "";
			targets = (
				4AA0B1E2255A54FF008C2AC2 /* RavnChallenge */,
				4AA0B1F3255A5501008C2AC2 /* RavnChallengeTests */,
				4AA0B1FE255A5501008C2AC2 /* RavnChallengeUITests */,
			);
		};
/* End PBXProject section */

/* Begin PBXResourcesBuildPhase section */
		4AA0B1E1255A54FF008C2AC2 /* Resources */ = {
			isa = PBXResourcesBuildPhase;
			buildActionMask = 2147483647;
			files = (
				4AA0B1EE255A5500008C2AC2 /* Preview Assets.xcassets in Resources */,
				4AA0B1EB255A5500008C2AC2 /* Assets.xcassets in Resources */,
			);
			runOnlyForDeploymentPostprocessing = 0;
		};
		4AA0B1F2255A5501008C2AC2 /* Resources */ = {
			isa = PBXResourcesBuildPhase;
			buildActionMask = 2147483647;
			files = (
			);
			runOnlyForDeploymentPostprocessing = 0;
		};
		4AA0B1FD255A5501008C2AC2 /* Resources */ = {
			isa = PBXResourcesBuildPhase;
			buildActionMask = 2147483647;
			files = (
			);
			runOnlyForDeploymentPostprocessing = 0;
		};
/* End PBXResourcesBuildPhase section */

/* Begin PBXSourcesBuildPhase section */
		4AA0B1DF255A54FF008C2AC2 /* Sources */ = {
			isa = PBXSourcesBuildPhase;
			buildActionMask = 2147483647;
			files = (
				4AA0B1E9255A54FF008C2AC2 /* ContentView.swift in Sources */,
				4AA0B1E7255A54FF008C2AC2 /* RavnChallengeApp.swift in Sources */,
			);
			runOnlyForDeploymentPostprocessing = 0;
		};
		4AA0B1F0255A5501008C2AC2 /* Sources */ = {
			isa = PBXSourcesBuildPhase;
			buildActionMask = 2147483647;
			files = (
				4AA0B1F9255A5501008C2AC2 /* RavnChallengeTests.swift in Sources */,
			);
			runOnlyForDeploymentPostprocessing = 0;
		};
		4AA0B1FB255A5501008C2AC2 /* Sources */ = {
			isa = PBXSourcesBuildPhase;
			buildActionMask = 2147483647;
			files = (
				4AA0B204255A5501008C2AC2 /* RavnChallengeUITests.swift in Sources */,
			);
			runOnlyForDeploymentPostprocessing = 0;
		};
/* End PBXSourcesBuildPhase section */

/* Begin PBXTargetDependency section */
		4AA0B1F6255A5501008C2AC2 /* PBXTargetDependency */ = {
			isa = PBXTargetDependency;
			target = 4AA0B1E2255A54FF008C2AC2 /* RavnChallenge */;
			targetProxy = 4AA0B1F5255A5501008C2AC2 /* PBXContainerItemProxy */;
		};
		4AA0B201255A5501008C2AC2 /* PBXTargetDependency */ = {
			isa = PBXTargetDependency;
			target = 4AA0B1E2255A54FF008C2AC2 /* RavnChallenge */;
			targetProxy = 4AA0B200255A5501008C2AC2 /* PBXContainerItemProxy */;
		};
/* End PBXTargetDependency section */

/* Begin XCBuildConfiguration section */
		4AA0B206255A5501008C2AC2 /* Debug */ = {
			isa = XCBuildConfiguration;
			buildSettings = {
				ALWAYS_SEARCH_USER_PATHS = NO;
				CLANG_ANALYZER_NONNULL = YES;
				CLANG_ANALYZER_NUMBER_OBJECT_CONVERSION = YES_AGGRESSIVE;
				CLANG_CXX_LANGUAGE_STANDARD = "gnu++14";
				CLANG_CXX_LIBRARY = "libc++";
				CLANG_ENABLE_MODULES = YES;
				CLANG_ENABLE_OBJC_ARC = YES;
				CLANG_ENABLE_OBJC_WEAK = YES;
				CLANG_WARN_BLOCK_CAPTURE_AUTORELEASING = YES;
				CLANG_WARN_BOOL_CONVERSION = YES;
				CLANG_WARN_COMMA = YES;
				CLANG_WARN_CONSTANT_CONVERSION = YES;
				CLANG_WARN_DEPRECATED_OBJC_IMPLEMENTATIONS = YES;
				CLANG_WARN_DIRECT_OBJC_ISA_USAGE = YES_ERROR;
				CLANG_WARN_DOCUMENTATION_COMMENTS = YES;
				CLANG_WARN_EMPTY_BODY = YES;
				CLANG_WARN_ENUM_CONVERSION = YES;
				CLANG_WARN_INFINITE_RECURSION = YES;
				CLANG_WARN_INT_CONVERSION = YES;
				CLANG_WARN_NON_LITERAL_NULL_CONVERSION = YES;
				CLANG_WARN_OBJC_IMPLICIT_RETAIN_SELF = YES;
				CLANG_WARN_OBJC_LITERAL_CONVERSION = YES;
				CLANG_WARN_OBJC_ROOT_CLASS = YES_ERROR;
				CLANG_WARN_QUOTED_INCLUDE_IN_FRAMEWORK_HEADER = YES;
				CLANG_WARN_RANGE_LOOP_ANALYSIS = YES;
				CLANG_WARN_STRICT_PROTOTYPES = YES;
				CLANG_WARN_SUSPICIOUS_MOVE = YES;
				CLANG_WARN_UNGUARDED_AVAILABILITY = YES_AGGRESSIVE;
				CLANG_WARN_UNREACHABLE_CODE = YES;
				CLANG_WARN__DUPLICATE_METHOD_MATCH = YES;
				COPY_PHASE_STRIP = NO;
				DEBUG_INFORMATION_FORMAT = dwarf;
				ENABLE_STRICT_OBJC_MSGSEND = YES;
				ENABLE_TESTABILITY = YES;
				GCC_C_LANGUAGE_STANDARD = gnu11;
				GCC_DYNAMIC_NO_PIC = NO;
				GCC_NO_COMMON_BLOCKS = YES;
				GCC_OPTIMIZATION_LEVEL = 0;
				GCC_PREPROCESSOR_DEFINITIONS = (
					"DEBUG=1",
					"$(inherited)",
				);
				GCC_WARN_64_TO_32_BIT_CONVERSION = YES;
				GCC_WARN_ABOUT_RETURN_TYPE = YES_ERROR;
				GCC_WARN_UNDECLARED_SELECTOR = YES;
				GCC_WARN_UNINITIALIZED_AUTOS = YES_AGGRESSIVE;
				GCC_WARN_UNUSED_FUNCTION = YES;
				GCC_WARN_UNUSED_VARIABLE = YES;
				IPHONEOS_DEPLOYMENT_TARGET = 14.1;
				MTL_ENABLE_DEBUG_INFO = INCLUDE_SOURCE;
				MTL_FAST_MATH = YES;
				ONLY_ACTIVE_ARCH = YES;
				SDKROOT = iphoneos;
				SWIFT_ACTIVE_COMPILATION_CONDITIONS = DEBUG;
				SWIFT_OPTIMIZATION_LEVEL = "-Onone";
			};
			name = Debug;
		};
		4AA0B207255A5501008C2AC2 /* Release */ = {
			isa = XCBuildConfiguration;
			buildSettings = {
				ALWAYS_SEARCH_USER_PATHS = NO;
				CLANG_ANALYZER_NONNULL = YES;
				CLANG_ANALYZER_NUMBER_OBJECT_CONVERSION = YES_AGGRESSIVE;
				CLANG_CXX_LANGUAGE_STANDARD = "gnu++14";
				CLANG_CXX_LIBRARY = "libc++";
				CLANG_ENABLE_MODULES = YES;
				CLANG_ENABLE_OBJC_ARC = YES;
				CLANG_ENABLE_OBJC_WEAK = YES;
				CLANG_WARN_BLOCK_CAPTURE_AUTORELEASING = YES;
				CLANG_WARN_BOOL_CONVERSION = YES;
				CLANG_WARN_COMMA = YES;
				CLANG_WARN_CONSTANT_CONVERSION = YES;
				CLANG_WARN_DEPRECATED_OBJC_IMPLEMENTATIONS = YES;
				CLANG_WARN_DIRECT_OBJC_ISA_USAGE = YES_ERROR;
				CLANG_WARN_DOCUMENTATION_COMMENTS = YES;
				CLANG_WARN_EMPTY_BODY = YES;
				CLANG_WARN_ENUM_CONVERSION = YES;
				CLANG_WARN_INFINITE_RECURSION = YES;
				CLANG_WARN_INT_CONVERSION = YES;
				CLANG_WARN_NON_LITERAL_NULL_CONVERSION = YES;
				CLANG_WARN_OBJC_IMPLICIT_RETAIN_SELF = YES;
				CLANG_WARN_OBJC_LITERAL_CONVERSION = YES;
				CLANG_WARN_OBJC_ROOT_CLASS = YES_ERROR;
				CLANG_WARN_QUOTED_INCLUDE_IN_FRAMEWORK_HEADER = YES;
				CLANG_WARN_RANGE_LOOP_ANALYSIS = YES;
				CLANG_WARN_STRICT_PROTOTYPES = YES;
				CLANG_WARN_SUSPICIOUS_MOVE = YES;
				CLANG_WARN_UNGUARDED_AVAILABILITY = YES_AGGRESSIVE;
				CLANG_WARN_UNREACHABLE_CODE = YES;
				CLANG_WARN__DUPLICATE_METHOD_MATCH = YES;
				COPY_PHASE_STRIP = NO;
				DEBUG_INFORMATION_FORMAT = "dwarf-with-dsym";
				ENABLE_NS_ASSERTIONS = NO;
				ENABLE_STRICT_OBJC_MSGSEND = YES;
				GCC_C_LANGUAGE_STANDARD = gnu11;
				GCC_NO_COMMON_BLOCKS = YES;
				GCC_WARN_64_TO_32_BIT_CONVERSION = YES;
				GCC_WARN_ABOUT_RETURN_TYPE = YES_ERROR;
				GCC_WARN_UNDECLARED_SELECTOR = YES;
				GCC_WARN_UNINITIALIZED_AUTOS = YES_AGGRESSIVE;
				GCC_WARN_UNUSED_FUNCTION = YES;
				GCC_WARN_UNUSED_VARIABLE = YES;
				IPHONEOS_DEPLOYMENT_TARGET = 14.1;
				MTL_ENABLE_DEBUG_INFO = NO;
				MTL_FAST_MATH = YES;
				SDKROOT = iphoneos;
				SWIFT_COMPILATION_MODE = wholemodule;
				SWIFT_OPTIMIZATION_LEVEL = "-O";
				VALIDATE_PRODUCT = YES;
			};
			name = Release;
		};
		4AA0B209255A5501008C2AC2 /* Debug */ = {
			isa = XCBuildConfiguration;
			buildSettings = {
				ASSETCATALOG_COMPILER_APPICON_NAME = AppIcon;
				ASSETCATALOG_COMPILER_GLOBAL_ACCENT_COLOR_NAME = AccentColor;
				CODE_SIGN_STYLE = Automatic;
				DEVELOPMENT_ASSET_PATHS = "\"RavnChallenge/Preview Content\"";
				DEVELOPMENT_TEAM = PX8695HSPT;
				ENABLE_PREVIEWS = YES;
				INFOPLIST_FILE = RavnChallenge/Info.plist;
				IPHONEOS_DEPLOYMENT_TARGET = 14.0;
				LD_RUNPATH_SEARCH_PATHS = (
					"$(inherited)",
					"@executable_path/Frameworks",
				);
				PRODUCT_BUNDLE_IDENTIFIER = com.samco182.RavnChallenge;
				PRODUCT_NAME = "$(TARGET_NAME)";
				SWIFT_VERSION = 5.0;
				TARGETED_DEVICE_FAMILY = "1,2";
			};
			name = Debug;
		};
		4AA0B20A255A5501008C2AC2 /* Release */ = {
			isa = XCBuildConfiguration;
			buildSettings = {
				ASSETCATALOG_COMPILER_APPICON_NAME = AppIcon;
				ASSETCATALOG_COMPILER_GLOBAL_ACCENT_COLOR_NAME = AccentColor;
				CODE_SIGN_STYLE = Automatic;
				DEVELOPMENT_ASSET_PATHS = "\"RavnChallenge/Preview Content\"";
				DEVELOPMENT_TEAM = PX8695HSPT;
				ENABLE_PREVIEWS = YES;
				INFOPLIST_FILE = RavnChallenge/Info.plist;
				IPHONEOS_DEPLOYMENT_TARGET = 14.0;
				LD_RUNPATH_SEARCH_PATHS = (
					"$(inherited)",
					"@executable_path/Frameworks",
				);
				PRODUCT_BUNDLE_IDENTIFIER = com.samco182.RavnChallenge;
				PRODUCT_NAME = "$(TARGET_NAME)";
				SWIFT_VERSION = 5.0;
				TARGETED_DEVICE_FAMILY = "1,2";
			};
			name = Release;
		};
		4AA0B20C255A5501008C2AC2 /* Debug */ = {
			isa = XCBuildConfiguration;
			buildSettings = {
				ALWAYS_EMBED_SWIFT_STANDARD_LIBRARIES = YES;
				BUNDLE_LOADER = "$(TEST_HOST)";
				CODE_SIGN_STYLE = Automatic;
				DEVELOPMENT_TEAM = PX8695HSPT;
				INFOPLIST_FILE = RavnChallengeTests/Info.plist;
				IPHONEOS_DEPLOYMENT_TARGET = 14.0;
				LD_RUNPATH_SEARCH_PATHS = (
					"$(inherited)",
					"@executable_path/Frameworks",
					"@loader_path/Frameworks",
				);
				PRODUCT_BUNDLE_IDENTIFIER = com.samco182.RavnChallengeTests;
				PRODUCT_NAME = "$(TARGET_NAME)";
				SWIFT_VERSION = 5.0;
				TARGETED_DEVICE_FAMILY = "1,2";
				TEST_HOST = "$(BUILT_PRODUCTS_DIR)/RavnChallenge.app/RavnChallenge";
			};
			name = Debug;
		};
		4AA0B20D255A5501008C2AC2 /* Release */ = {
			isa = XCBuildConfiguration;
			buildSettings = {
				ALWAYS_EMBED_SWIFT_STANDARD_LIBRARIES = YES;
				BUNDLE_LOADER = "$(TEST_HOST)";
				CODE_SIGN_STYLE = Automatic;
				DEVELOPMENT_TEAM = PX8695HSPT;
				INFOPLIST_FILE = RavnChallengeTests/Info.plist;
				IPHONEOS_DEPLOYMENT_TARGET = 14.0;
				LD_RUNPATH_SEARCH_PATHS = (
					"$(inherited)",
					"@executable_path/Frameworks",
					"@loader_path/Frameworks",
				);
				PRODUCT_BUNDLE_IDENTIFIER = com.samco182.RavnChallengeTests;
				PRODUCT_NAME = "$(TARGET_NAME)";
				SWIFT_VERSION = 5.0;
				TARGETED_DEVICE_FAMILY = "1,2";
				TEST_HOST = "$(BUILT_PRODUCTS_DIR)/RavnChallenge.app/RavnChallenge";
			};
			name = Release;
		};
		4AA0B20F255A5501008C2AC2 /* Debug */ = {
			isa = XCBuildConfiguration;
			buildSettings = {
				ALWAYS_EMBED_SWIFT_STANDARD_LIBRARIES = YES;
				CODE_SIGN_STYLE = Automatic;
				DEVELOPMENT_TEAM = PX8695HSPT;
				INFOPLIST_FILE = RavnChallengeUITests/Info.plist;
				LD_RUNPATH_SEARCH_PATHS = (
					"$(inherited)",
					"@executable_path/Frameworks",
					"@loader_path/Frameworks",
				);
				PRODUCT_BUNDLE_IDENTIFIER = com.samco182.RavnChallengeUITests;
				PRODUCT_NAME = "$(TARGET_NAME)";
				SWIFT_VERSION = 5.0;
				TARGETED_DEVICE_FAMILY = "1,2";
				TEST_TARGET_NAME = RavnChallenge;
			};
			name = Debug;
		};
		4AA0B210255A5501008C2AC2 /* Release */ = {
			isa = XCBuildConfiguration;
			buildSettings = {
				ALWAYS_EMBED_SWIFT_STANDARD_LIBRARIES = YES;
				CODE_SIGN_STYLE = Automatic;
				DEVELOPMENT_TEAM = PX8695HSPT;
				INFOPLIST_FILE = RavnChallengeUITests/Info.plist;
				LD_RUNPATH_SEARCH_PATHS = (
					"$(inherited)",
					"@executable_path/Frameworks",
					"@loader_path/Frameworks",
				);
				PRODUCT_BUNDLE_IDENTIFIER = com.samco182.RavnChallengeUITests;
				PRODUCT_NAME = "$(TARGET_NAME)";
				SWIFT_VERSION = 5.0;
				TARGETED_DEVICE_FAMILY = "1,2";
				TEST_TARGET_NAME = RavnChallenge;
			};
			name = Release;
		};
/* End XCBuildConfiguration section */

/* Begin XCConfigurationList section */
		4AA0B1DE255A54FF008C2AC2 /* Build configuration list for PBXProject "RavnChallenge" */ = {
			isa = XCConfigurationList;
			buildConfigurations = (
				4AA0B206255A5501008C2AC2 /* Debug */,
				4AA0B207255A5501008C2AC2 /* Release */,
			);
			defaultConfigurationIsVisible = 0;
			defaultConfigurationName = Release;
		};
		4AA0B208255A5501008C2AC2 /* Build configuration list for PBXNativeTarget "RavnChallenge" */ = {
			isa = XCConfigurationList;
			buildConfigurations = (
				4AA0B209255A5501008C2AC2 /* Debug */,
				4AA0B20A255A5501008C2AC2 /* Release */,
			);
			defaultConfigurationIsVisible = 0;
			defaultConfigurationName = Release;
		};
		4AA0B20B255A5501008C2AC2 /* Build configuration list for PBXNativeTarget "RavnChallengeTests" */ = {
			isa = XCConfigurationList;
			buildConfigurations = (
				4AA0B20C255A5501008C2AC2 /* Debug */,
				4AA0B20D255A5501008C2AC2 /* Release */,
			);
			defaultConfigurationIsVisible = 0;
			defaultConfigurationName = Release;
		};
		4AA0B20E255A5501008C2AC2 /* Build configuration list for PBXNativeTarget "RavnChallengeUITests" */ = {
			isa = XCConfigurationList;
			buildConfigurations = (
				4AA0B20F255A5501008C2AC2 /* Debug */,
				4AA0B210255A5501008C2AC2 /* Release */,
			);
			defaultConfigurationIsVisible = 0;
			defaultConfigurationName = Release;
		};
/* End XCConfigurationList section */
	};
	rootObject = 4AA0B1DB255A54FF008C2AC2 /* Project object */;
}
